# This file is automatically @generated by Cargo.
# It is not intended for manual editing.
version = 3

[[package]]
name = "adler"
version = "1.0.2"
source = "registry+https://github.com/rust-lang/crates.io-index"
checksum = "f26201604c87b1e01bd3d98f8d5d9a8fcbb815e8cedb41ffccbeb4bf593a35fe"

[[package]]
name = "aho-corasick"
version = "0.7.18"
source = "registry+https://github.com/rust-lang/crates.io-index"
checksum = "1e37cfd5e7657ada45f742d6e99ca5788580b5c529dc78faf11ece6dc702656f"
dependencies = [
 "memchr",
]

[[package]]
name = "anyhow"
version = "1.0.60"
source = "registry+https://github.com/rust-lang/crates.io-index"
checksum = "c794e162a5eff65c72ef524dfe393eb923c354e350bb78b9c7383df13f3bc142"

[[package]]
name = "arrayvec"
version = "0.7.2"
source = "registry+https://github.com/rust-lang/crates.io-index"
checksum = "8da52d66c7071e2e3fa2a1e5c6d088fec47b593032b254f5e980de8ea54454d6"

[[package]]
name = "atty"
version = "0.2.14"
source = "registry+https://github.com/rust-lang/crates.io-index"
checksum = "d9b39be18770d11421cdb1b9947a45dd3f37e93092cbf377614828a319d5fee8"
dependencies = [
 "hermit-abi",
 "libc",
 "winapi",
]

[[package]]
name = "autocfg"
version = "1.1.0"
source = "registry+https://github.com/rust-lang/crates.io-index"
checksum = "d468802bab17cbc0cc575e9b053f41e72aa36bfa6b7f55e3529ffa43161b97fa"

[[package]]
name = "bencher"
version = "0.1.5"
source = "registry+https://github.com/rust-lang/crates.io-index"
checksum = "7dfdb4953a096c551ce9ace855a604d702e6e62d77fac690575ae347571717f5"

[[package]]
name = "bindgen"
version = "0.60.1"
source = "registry+https://github.com/rust-lang/crates.io-index"
checksum = "062dddbc1ba4aca46de6338e2bf87771414c335f7b2f2036e8f3e9befebf88e6"
dependencies = [
 "bitflags",
 "cexpr",
 "clang-sys",
 "clap",
 "env_logger",
 "lazy_static",
 "lazycell",
 "log",
 "peeking_take_while",
 "proc-macro2",
 "quote",
 "regex",
 "rustc-hash",
 "shlex",
 "which",
]

[[package]]
name = "bitflags"
version = "1.3.2"
source = "registry+https://github.com/rust-lang/crates.io-index"
checksum = "bef38d45163c2f1dde094a7dfd33ccf595c92905c8f8f4fdc18d06fb1037718a"

[[package]]
name = "bitreader"
version = "0.3.6"
source = "registry+https://github.com/rust-lang/crates.io-index"
checksum = "d84ea71c85d1fe98fe67a9b9988b1695bc24c0b0d3bfb18d4c510f44b4b09941"
dependencies = [
 "cfg-if",
]

[[package]]
name = "block-buffer"
version = "0.10.2"
source = "registry+https://github.com/rust-lang/crates.io-index"
checksum = "0bf7fe51849ea569fd452f37822f606a5cabb684dc918707a0193fd4664ff324"
dependencies = [
 "generic-array",
]

[[package]]
name = "build_const"
version = "0.2.2"
source = "registry+https://github.com/rust-lang/crates.io-index"
checksum = "b4ae4235e6dac0694637c763029ecea1a2ec9e4e06ec2729bd21ba4d9c863eb7"

[[package]]
name = "byteorder"
version = "1.4.3"
source = "registry+https://github.com/rust-lang/crates.io-index"
checksum = "14c189c53d098945499cdfa7ecc63567cf3886b3332b312a5b4585d8d3a6a610"

[[package]]
name = "cbindgen"
version = "0.24.3"
source = "registry+https://github.com/rust-lang/crates.io-index"
checksum = "a6358dedf60f4d9b8db43ad187391afe959746101346fe51bb978126bec61dfb"
dependencies = [
 "clap",
 "heck",
 "indexmap",
 "log",
 "proc-macro2",
 "quote",
 "serde",
 "serde_json",
 "syn",
 "tempfile",
 "toml",
]

[[package]]
name = "cc"
version = "1.0.73"
source = "registry+https://github.com/rust-lang/crates.io-index"
checksum = "2fff2a6927b3bb87f9595d67196a70493f627687a71d87a0d692242c33f58c11"

[[package]]
name = "cexpr"
version = "0.6.0"
source = "registry+https://github.com/rust-lang/crates.io-index"
checksum = "6fac387a98bb7c37292057cffc56d62ecb629900026402633ae9160df93a8766"
dependencies = [
 "nom",
]

[[package]]
name = "cfg-if"
version = "1.0.0"
source = "registry+https://github.com/rust-lang/crates.io-index"
checksum = "baf1de4339761588bc0619e3cbc0120ee582ebb74b53b4efbf79117bd2da40fd"

[[package]]
name = "chd"
version = "0.1.4"
dependencies = [
 "arrayvec",
 "bencher",
 "bitreader",
 "byteorder",
 "claxon",
 "crc 3.0.0",
 "flate2",
 "lending-iterator",
 "lzma-rs-headerless",
 "nougat",
 "num-derive",
 "num-traits",
 "once_cell",
 "regex",
]

[[package]]
name = "chd"
version = "0.1.4"
source = "registry+https://github.com/rust-lang/crates.io-index"
checksum = "2efa2c36454fb8c64d42ed93bae9d9da70d887037a84c4755e1a6712b4695893"
dependencies = [
 "arrayvec",
 "bitreader",
 "byteorder",
 "claxon",
 "crc 3.0.0",
 "flate2",
 "lzma-rs-headerless",
 "num-derive",
 "num-traits",
 "once_cell",
 "regex",
]

[[package]]
name = "chd-capi"
version = "0.1.3"
dependencies = [
 "bindgen",
 "cbindgen",
 "chd 0.1.4 (registry+https://github.com/rust-lang/crates.io-index)",
 "cmake",
]

[[package]]
name = "clang-sys"
version = "1.3.3"
source = "registry+https://github.com/rust-lang/crates.io-index"
checksum = "5a050e2153c5be08febd6734e29298e844fdb0fa21aeddd63b4eb7baa106c69b"
dependencies = [
 "glob",
 "libc",
 "libloading",
]

[[package]]
name = "clap"
version = "3.2.16"
source = "registry+https://github.com/rust-lang/crates.io-index"
checksum = "a3dbbb6653e7c55cc8595ad3e1f7be8f32aba4eb7ff7f0fd1163d4f3d137c0a9"
dependencies = [
 "atty",
 "bitflags",
 "clap_derive",
 "clap_lex",
 "indexmap",
 "once_cell",
 "strsim",
 "termcolor",
 "textwrap",
]

[[package]]
name = "clap_derive"
version = "3.2.15"
source = "registry+https://github.com/rust-lang/crates.io-index"
checksum = "9ba52acd3b0a5c33aeada5cdaa3267cdc7c594a98731d4268cdc1532f4264cb4"
dependencies = [
 "heck",
 "proc-macro-error",
 "proc-macro2",
 "quote",
 "syn",
]

[[package]]
name = "clap_lex"
version = "0.2.4"
source = "registry+https://github.com/rust-lang/crates.io-index"
checksum = "2850f2f5a82cbf437dd5af4d49848fbdfc27c157c3d010345776f952765261c5"
dependencies = [
 "os_str_bytes",
]

[[package]]
name = "claxon"
version = "0.4.3"
source = "registry+https://github.com/rust-lang/crates.io-index"
checksum = "4bfbf56724aa9eca8afa4fcfadeb479e722935bb2a0900c2d37e0cc477af0688"

[[package]]
name = "cmake"
version = "0.1.48"
source = "registry+https://github.com/rust-lang/crates.io-index"
checksum = "e8ad8cef104ac57b68b89df3208164d228503abbdce70f6880ffa3d970e7443a"
dependencies = [
 "cc",
]

[[package]]
name = "cpufeatures"
version = "0.2.2"
source = "registry+https://github.com/rust-lang/crates.io-index"
checksum = "59a6001667ab124aebae2a495118e11d30984c3a653e99d86d58971708cf5e4b"
dependencies = [
 "libc",
]

[[package]]
name = "crc"
version = "1.8.1"
source = "registry+https://github.com/rust-lang/crates.io-index"
checksum = "d663548de7f5cca343f1e0a48d14dcfb0e9eb4e079ec58883b7251539fa10aeb"
dependencies = [
 "build_const",
]

[[package]]
name = "crc"
version = "3.0.0"
source = "registry+https://github.com/rust-lang/crates.io-index"
checksum = "53757d12b596c16c78b83458d732a5d1a17ab3f53f2f7412f6fb57cc8a140ab3"
dependencies = [
 "crc-catalog",
]

[[package]]
name = "crc-catalog"
version = "2.1.0"
source = "registry+https://github.com/rust-lang/crates.io-index"
checksum = "2d0165d2900ae6778e36e80bbc4da3b5eefccee9ba939761f9c2882a5d9af3ff"

[[package]]
name = "crc32fast"
version = "1.3.2"
source = "registry+https://github.com/rust-lang/crates.io-index"
checksum = "b540bd8bc810d3885c6ea91e2018302f68baba2129ab3e88f32389ee9370880d"
dependencies = [
 "cfg-if",
]

[[package]]
name = "crypto-common"
version = "0.1.6"
source = "registry+https://github.com/rust-lang/crates.io-index"
checksum = "1bfb12502f3fc46cca1bb51ac28df9d618d813cdc3d2f25b9fe775a34af26bb3"
dependencies = [
 "generic-array",
 "typenum",
]

[[package]]
name = "digest"
version = "0.10.3"
source = "registry+https://github.com/rust-lang/crates.io-index"
checksum = "f2fb860ca6fafa5552fb6d0e816a69c8e49f0908bf524e30a90d97c85892d506"
dependencies = [
 "block-buffer",
 "crypto-common",
]

[[package]]
name = "either"
version = "1.7.0"
source = "registry+https://github.com/rust-lang/crates.io-index"
checksum = "3f107b87b6afc2a64fd13cac55fe06d6c8859f12d4b14cbcdd2c67d0976781be"

[[package]]
name = "env_logger"
version = "0.9.0"
source = "registry+https://github.com/rust-lang/crates.io-index"
checksum = "0b2cf0344971ee6c64c31be0d530793fba457d322dfec2810c453d0ef228f9c3"
dependencies = [
 "atty",
 "humantime",
 "log",
 "regex",
 "termcolor",
]

[[package]]
name = "ext-trait"
version = "1.0.1"
source = "registry+https://github.com/rust-lang/crates.io-index"
checksum = "d772df1c1a777963712fb68e014235e80863d6a91a85c4e06ba2d16243a310e5"
dependencies = [
 "ext-trait-proc_macros",
]

[[package]]
name = "ext-trait-proc_macros"
version = "1.0.1"
source = "registry+https://github.com/rust-lang/crates.io-index"
checksum = "1ab7934152eaf26aa5aa9f7371408ad5af4c31357073c9e84c3b9d7f11ad639a"
dependencies = [
 "proc-macro2",
 "quote",
 "syn",
]

[[package]]
name = "extension-traits"
version = "1.0.1"
source = "registry+https://github.com/rust-lang/crates.io-index"
checksum = "a296e5a895621edf9fa8329c83aa1cb69a964643e36cf54d8d7a69b789089537"
dependencies = [
 "ext-trait",
]

[[package]]
name = "fastrand"
version = "1.8.0"
source = "registry+https://github.com/rust-lang/crates.io-index"
checksum = "a7a407cfaa3385c4ae6b23e84623d48c2798d06e3e6a1878f7f59f17b3f86499"
dependencies = [
 "instant",
]

[[package]]
name = "flate2"
version = "1.0.24"
source = "registry+https://github.com/rust-lang/crates.io-index"
checksum = "f82b0f4c27ad9f8bfd1f3208d882da2b09c301bc1c828fd3a00d0216d2fbbff6"
dependencies = [
 "crc32fast",
 "miniz_oxide",
]

[[package]]
name = "generic-array"
version = "0.14.6"
source = "registry+https://github.com/rust-lang/crates.io-index"
checksum = "bff49e947297f3312447abdca79f45f4738097cc82b06e72054d2223f601f1b9"
dependencies = [
 "typenum",
 "version_check",
]

[[package]]
name = "glob"
version = "0.3.0"
source = "registry+https://github.com/rust-lang/crates.io-index"
checksum = "9b919933a397b79c37e33b77bb2aa3dc8eb6e165ad809e58ff75bc7db2e34574"

[[package]]
name = "hashbrown"
version = "0.12.3"
source = "registry+https://github.com/rust-lang/crates.io-index"
checksum = "8a9ee70c43aaf417c914396645a0fa852624801b24ebb7ae78fe8272889ac888"

[[package]]
name = "heck"
version = "0.4.0"
source = "registry+https://github.com/rust-lang/crates.io-index"
checksum = "2540771e65fc8cb83cd6e8a237f70c319bd5c29f78ed1084ba5d50eeac86f7f9"

[[package]]
name = "hermit-abi"
version = "0.1.19"
source = "registry+https://github.com/rust-lang/crates.io-index"
checksum = "62b467343b94ba476dcb2500d242dadbb39557df889310ac77c5d99100aaac33"
dependencies = [
 "libc",
]

[[package]]
name = "hex"
version = "0.4.3"
source = "registry+https://github.com/rust-lang/crates.io-index"
checksum = "7f24254aa9a54b5c858eaee2f5bccdb46aaf0e486a595ed5fd8f86ba55232a70"

[[package]]
name = "humantime"
version = "2.1.0"
source = "registry+https://github.com/rust-lang/crates.io-index"
checksum = "9a3a5bfb195931eeb336b2a7b4d761daec841b97f947d34394601737a7bba5e4"

[[package]]
name = "indexmap"
version = "1.9.1"
source = "registry+https://github.com/rust-lang/crates.io-index"
checksum = "10a35a97730320ffe8e2d410b5d3b69279b98d2c14bdb8b70ea89ecf7888d41e"
dependencies = [
 "autocfg",
 "hashbrown",
]

[[package]]
name = "instant"
version = "0.1.12"
source = "registry+https://github.com/rust-lang/crates.io-index"
checksum = "7a5bbe824c507c5da5956355e86a746d82e0e1464f65d862cc5e71da70e94b2c"
dependencies = [
 "cfg-if",
]

[[package]]
name = "itoa"
version = "1.0.2"
source = "registry+https://github.com/rust-lang/crates.io-index"
checksum = "112c678d4050afce233f4f2852bb2eb519230b3cf12f33585275537d7e41578d"

[[package]]
name = "lazy_static"
version = "1.4.0"
source = "registry+https://github.com/rust-lang/crates.io-index"
checksum = "e2abad23fbc42b3700f2f279844dc832adb2b2eb069b2df918f455c4e18cc646"

[[package]]
name = "lazycell"
version = "1.3.0"
source = "registry+https://github.com/rust-lang/crates.io-index"
checksum = "830d08ce1d1d941e6b30645f1a0eb5643013d835ce3779a5fc208261dbe10f55"

[[package]]
name = "lending-iterator"
version = "0.1.5"
source = "registry+https://github.com/rust-lang/crates.io-index"
checksum = "7cf9a2f04ccd4ca58caba6656c1d6a254d35f0fe0136e8593cae258757f4eb66"
dependencies = [
 "extension-traits",
 "lending-iterator-proc_macros",
 "macro_rules_attribute",
 "never-say-never",
 "nougat",
 "polonius-the-crab",
]

[[package]]
name = "lending-iterator-proc_macros"
version = "0.1.5"
source = "registry+https://github.com/rust-lang/crates.io-index"
checksum = "72570a23b6d0be3157f24ea6dae182a1d25dcf158dbca246f1aae8c61ae2d00e"
dependencies = [
 "proc-macro2",
 "quote",
 "syn",
]

[[package]]
name = "libc"
version = "0.2.126"
source = "registry+https://github.com/rust-lang/crates.io-index"
checksum = "349d5a591cd28b49e1d1037471617a32ddcda5731b99419008085f72d5a53836"

[[package]]
name = "libloading"
version = "0.7.3"
source = "registry+https://github.com/rust-lang/crates.io-index"
checksum = "efbc0f03f9a775e9f6aed295c6a1ba2253c5757a9e03d55c6caa46a681abcddd"
dependencies = [
 "cfg-if",
 "winapi",
]

[[package]]
name = "log"
version = "0.4.17"
source = "registry+https://github.com/rust-lang/crates.io-index"
checksum = "abb12e687cfb44aa40f41fc3978ef76448f9b6038cad6aef4259d3c095a2382e"
dependencies = [
 "cfg-if",
]

[[package]]
name = "lzma-rs-headerless"
version = "0.5.3"
source = "registry+https://github.com/rust-lang/crates.io-index"
checksum = "239bf52949e99f1561efd5494f9303c5719aa65884f0792faa850aebf8519987"
dependencies = [
 "byteorder",
 "crc 1.8.1",
]

[[package]]
name = "macro_rules_attribute"
version = "0.1.2"
source = "registry+https://github.com/rust-lang/crates.io-index"
checksum = "258c86475e1616d6f2d8f5227cfaabd3dae1f6d5388b9597df8a199d4497aba7"
dependencies = [
 "macro_rules_attribute-proc_macro",
 "paste",
]

[[package]]
name = "macro_rules_attribute-proc_macro"
version = "0.1.2"
source = "registry+https://github.com/rust-lang/crates.io-index"
checksum = "f26a8d2502d5aa4d411ef494ba7470eb299f05725179ce3b5de77aa01a9ffdea"

[[package]]
name = "memchr"
version = "2.5.0"
source = "registry+https://github.com/rust-lang/crates.io-index"
checksum = "2dffe52ecf27772e601905b7522cb4ef790d2cc203488bbd0e2fe85fcb74566d"

[[package]]
name = "minimal-lexical"
version = "0.2.1"
source = "registry+https://github.com/rust-lang/crates.io-index"
checksum = "68354c5c6bd36d73ff3feceb05efa59b6acb7626617f4962be322a825e61f79a"

[[package]]
name = "miniz_oxide"
version = "0.5.3"
source = "registry+https://github.com/rust-lang/crates.io-index"
checksum = "6f5c75688da582b8ffc1f1799e9db273f32133c49e048f614d22ec3256773ccc"
dependencies = [
 "adler",
]

[[package]]
name = "never-say-never"
version = "6.6.666"
source = "registry+https://github.com/rust-lang/crates.io-index"
checksum = "cf5a574dadd7941adeaa71823ecba5e28331b8313fb2e1c6a5c7e5981ea53ad6"

[[package]]
name = "nom"
version = "7.1.1"
source = "registry+https://github.com/rust-lang/crates.io-index"
checksum = "a8903e5a29a317527874d0402f867152a3d21c908bb0b933e416c65e301d4c36"
dependencies = [
 "memchr",
 "minimal-lexical",
]

[[package]]
name = "nougat"
version = "0.2.1"
source = "registry+https://github.com/rust-lang/crates.io-index"
checksum = "7cc43976c37ef0b84a91642dfa7daf98582b731041122b8de5668169a9898e10"
dependencies = [
 "macro_rules_attribute",
 "nougat-proc_macros",
]

[[package]]
name = "nougat-proc_macros"
version = "0.2.1"
source = "registry+https://github.com/rust-lang/crates.io-index"
checksum = "249c2a95ac009a855d9086a767280d92875fd5d5d28e361ecf0aceb33e3d80f3"
dependencies = [
 "proc-macro2",
 "quote",
 "syn",
]

[[package]]
name = "num-derive"
version = "0.3.3"
source = "registry+https://github.com/rust-lang/crates.io-index"
checksum = "876a53fff98e03a936a674b29568b0e605f06b29372c2489ff4de23f1949743d"
dependencies = [
 "proc-macro2",
 "quote",
 "syn",
]

[[package]]
name = "num-traits"
version = "0.2.15"
source = "registry+https://github.com/rust-lang/crates.io-index"
checksum = "578ede34cf02f8924ab9447f50c28075b4d3e5b269972345e7e0372b38c6cdcd"
dependencies = [
 "autocfg",
]

[[package]]
name = "once_cell"
version = "1.13.0"
source = "registry+https://github.com/rust-lang/crates.io-index"
checksum = "18a6dbe30758c9f83eb00cbea4ac95966305f5a7772f3f42ebfc7fc7eddbd8e1"

[[package]]
name = "os_str_bytes"
version = "6.2.0"
source = "registry+https://github.com/rust-lang/crates.io-index"
checksum = "648001efe5d5c0102d8cea768e348da85d90af8ba91f0bea908f157951493cd4"

[[package]]
name = "paste"
version = "1.0.8"
source = "registry+https://github.com/rust-lang/crates.io-index"
checksum = "9423e2b32f7a043629287a536f21951e8c6a82482d0acb1eeebfc90bc2225b22"

[[package]]
name = "peeking_take_while"
version = "0.1.2"
source = "registry+https://github.com/rust-lang/crates.io-index"
checksum = "19b17cddbe7ec3f8bc800887bab5e717348c95ea2ca0b1bf0837fb964dc67099"

[[package]]
name = "polonius-the-crab"
version = "0.2.1"
source = "registry+https://github.com/rust-lang/crates.io-index"
checksum = "c2a69ee997a6282f8462abf1e0d8c38c965e968799e912b3bed8c9e8a28c2f9f"

[[package]]
name = "proc-macro-error"
version = "1.0.4"
source = "registry+https://github.com/rust-lang/crates.io-index"
checksum = "da25490ff9892aab3fcf7c36f08cfb902dd3e71ca0f9f9517bea02a73a5ce38c"
dependencies = [
 "proc-macro-error-attr",
 "proc-macro2",
 "quote",
 "syn",
 "version_check",
]

[[package]]
name = "proc-macro-error-attr"
version = "1.0.4"
source = "registry+https://github.com/rust-lang/crates.io-index"
checksum = "a1be40180e52ecc98ad80b184934baf3d0d29f979574e439af5a55274b35f869"
dependencies = [
 "proc-macro2",
 "quote",
 "version_check",
]

[[package]]
name = "proc-macro2"
version = "1.0.43"
source = "registry+https://github.com/rust-lang/crates.io-index"
checksum = "0a2ca2c61bc9f3d74d2886294ab7b9853abd9c1ad903a3ac7815c58989bb7bab"
dependencies = [
 "unicode-ident",
]

[[package]]
name = "quote"
version = "1.0.21"
source = "registry+https://github.com/rust-lang/crates.io-index"
checksum = "bbe448f377a7d6961e30f5955f9b8d106c3f5e449d493ee1b125c1d43c2b5179"
dependencies = [
 "proc-macro2",
]

[[package]]
name = "rchdman"
version = "0.1.0"
dependencies = [
 "anyhow",
 "chd 0.1.4",
 "clap",
 "hex",
 "num-traits",
 "sha1",
 "thousands",
]

[[package]]
name = "redox_syscall"
version = "0.2.16"
source = "registry+https://github.com/rust-lang/crates.io-index"
checksum = "fb5a58c1855b4b6819d59012155603f0b22ad30cad752600aadfcb695265519a"
dependencies = [
 "bitflags",
]

[[package]]
name = "regex"
version = "1.6.0"
source = "registry+https://github.com/rust-lang/crates.io-index"
checksum = "4c4eb3267174b8c6c2f654116623910a0fef09c4753f8dd83db29c48a0df988b"
dependencies = [
 "aho-corasick",
 "memchr",
 "regex-syntax",
]

[[package]]
name = "regex-syntax"
version = "0.6.27"
source = "registry+https://github.com/rust-lang/crates.io-index"
checksum = "a3f87b73ce11b1619a3c6332f45341e0047173771e8b8b73f87bfeefb7b56244"

[[package]]
name = "remove_dir_all"
version = "0.5.3"
source = "registry+https://github.com/rust-lang/crates.io-index"
checksum = "3acd125665422973a33ac9d3dd2df85edad0f4ae9b00dafb1a05e43a9f5ef8e7"
dependencies = [
 "winapi",
]

[[package]]
name = "rustc-hash"
version = "1.1.0"
source = "registry+https://github.com/rust-lang/crates.io-index"
checksum = "08d43f7aa6b08d49f382cde6a7982047c3426db949b1424bc4b7ec9ae12c6ce2"

[[package]]
name = "ryu"
version = "1.0.11"
source = "registry+https://github.com/rust-lang/crates.io-index"
checksum = "4501abdff3ae82a1c1b477a17252eb69cee9e66eb915c1abaa4f44d873df9f09"

[[package]]
name = "serde"
version = "1.0.141"
source = "registry+https://github.com/rust-lang/crates.io-index"
checksum = "7af873f2c95b99fcb0bd0fe622a43e29514658873c8ceba88c4cb88833a22500"
dependencies = [
 "serde_derive",
]

[[package]]
name = "serde_derive"
version = "1.0.141"
source = "registry+https://github.com/rust-lang/crates.io-index"
checksum = "75743a150d003dd863b51dc809bcad0d73f2102c53632f1e954e738192a3413f"
dependencies = [
 "proc-macro2",
 "quote",
 "syn",
]

[[package]]
name = "serde_json"
version = "1.0.82"
source = "registry+https://github.com/rust-lang/crates.io-index"
checksum = "82c2c1fdcd807d1098552c5b9a36e425e42e9fbd7c6a37a8425f390f781f7fa7"
dependencies = [
 "itoa",
 "ryu",
 "serde",
]

[[package]]
name = "sha1"
version = "0.10.1"
source = "registry+https://github.com/rust-lang/crates.io-index"
checksum = "c77f4e7f65455545c2153c1253d25056825e77ee2533f0e41deb65a93a34852f"
dependencies = [
 "cfg-if",
 "cpufeatures",
 "digest",
]

[[package]]
name = "shlex"
version = "1.1.0"
source = "registry+https://github.com/rust-lang/crates.io-index"
checksum = "43b2853a4d09f215c24cc5489c992ce46052d359b5109343cbafbf26bc62f8a3"

[[package]]
name = "strsim"
version = "0.10.0"
source = "registry+https://github.com/rust-lang/crates.io-index"
checksum = "73473c0e59e6d5812c5dfe2a064a6444949f089e20eec9a2e5506596494e4623"

[[package]]
name = "syn"
version = "1.0.99"
source = "registry+https://github.com/rust-lang/crates.io-index"
checksum = "58dbef6ec655055e20b86b15a8cc6d439cca19b667537ac6a1369572d151ab13"
dependencies = [
 "proc-macro2",
 "quote",
 "unicode-ident",
]

[[package]]
name = "tempfile"
version = "3.3.0"
source = "registry+https://github.com/rust-lang/crates.io-index"
checksum = "5cdb1ef4eaeeaddc8fbd371e5017057064af0911902ef36b39801f67cc6d79e4"
dependencies = [
 "cfg-if",
 "fastrand",
 "libc",
 "redox_syscall",
 "remove_dir_all",
 "winapi",
]

[[package]]
name = "termcolor"
version = "1.1.3"
source = "registry+https://github.com/rust-lang/crates.io-index"
checksum = "bab24d30b911b2376f3a13cc2cd443142f0c81dda04c118693e35b3835757755"
dependencies = [
 "winapi-util",
]

[[package]]
name = "textwrap"
version = "0.15.0"
source = "registry+https://github.com/rust-lang/crates.io-index"
checksum = "b1141d4d61095b28419e22cb0bbf02755f5e54e0526f97f1e3d1d160e60885fb"

[[package]]
name = "thousands"
version = "0.2.0"
source = "registry+https://github.com/rust-lang/crates.io-index"
checksum = "3bf63baf9f5039dadc247375c29eb13706706cfde997d0330d05aa63a77d8820"

[[package]]
name = "toml"
version = "0.5.9"
source = "registry+https://github.com/rust-lang/crates.io-index"
checksum = "8d82e1a7758622a465f8cee077614c73484dac5b836c02ff6a40d5d1010324d7"
dependencies = [
 "serde",
]

[[package]]
name = "typenum"
version = "1.15.0"
source = "registry+https://github.com/rust-lang/crates.io-index"
checksum = "dcf81ac59edc17cc8697ff311e8f5ef2d99fcbd9817b34cec66f90b6c3dfd987"

[[package]]
name = "unicode-ident"
version = "1.0.2"
source = "registry+https://github.com/rust-lang/crates.io-index"
checksum = "15c61ba63f9235225a22310255a29b806b907c9b8c964bcbd0a2c70f3f2deea7"

[[package]]
name = "version_check"
version = "0.9.4"
source = "registry+https://github.com/rust-lang/crates.io-index"
checksum = "49874b5167b65d7193b8aba1567f5c7d93d001cafc34600cee003eda787e483f"

[[package]]
name = "which"
version = "4.2.5"
source = "registry+https://github.com/rust-lang/crates.io-index"
checksum = "5c4fb54e6113b6a8772ee41c3404fb0301ac79604489467e0a9ce1f3e97c24ae"
dependencies = [
 "either",
 "lazy_static",
 "libc",
]

[[package]]
name = "winapi"
version = "0.3.9"
source = "registry+https://github.com/rust-lang/crates.io-index"
checksum = "5c839a674fcd7a98952e593242ea400abe93992746761e38641405d28b00f419"
dependencies = [
 "winapi-i686-pc-windows-gnu",
 "winapi-x86_64-pc-windows-gnu",
]

[[package]]
name = "winapi-i686-pc-windows-gnu"
version = "0.4.0"
source = "registry+https://github.com/rust-lang/crates.io-index"
checksum = "ac3b87c63620426dd9b991e5ce0329eff545bccbbb34f3be09ff6fb6ab51b7b6"

[[package]]
name = "winapi-util"
version = "0.1.5"
source = "registry+https://github.com/rust-lang/crates.io-index"
checksum = "70ec6ce85bb158151cae5e5c87f95a8e97d2c0c4b001223f33a334e3ce5de178"
dependencies = [
 "winapi",
]

[[package]]
name = "winapi-x86_64-pc-windows-gnu"
version = "0.4.0"
source = "registry+https://github.com/rust-lang/crates.io-index"
checksum = "712e227841d057c1ee1cd2fb22fa7e5a5461ae8e48fa2ca79ec42cfc1931183f"
